// !$*UTF8*$!
{
	archiveVersion = 1;
	classes = {
	};
	objectVersion = 46;
	objects = {

/* Begin PBXBuildFile section */
		400E95D01F53F8E60090A343 /* LoginViewController.m in Sources */ = {isa = PBXBuildFile; fileRef = 400E95CF1F53F8E60090A343 /* LoginViewController.m */; };
		400E95D31F54097F0090A343 /* loginViewModel.m in Sources */ = {isa = PBXBuildFile; fileRef = 400E95D21F54097F0090A343 /* loginViewModel.m */; };
		405DB6151F4ED1B20056750E /* main.m in Sources */ = {isa = PBXBuildFile; fileRef = 405DB6141F4ED1B20056750E /* main.m */; };
		405DB6181F4ED1B20056750E /* AppDelegate.m in Sources */ = {isa = PBXBuildFile; fileRef = 405DB6171F4ED1B20056750E /* AppDelegate.m */; };
		405DB61B1F4ED1B20056750E /* ViewController.m in Sources */ = {isa = PBXBuildFile; fileRef = 405DB61A1F4ED1B20056750E /* ViewController.m */; };
		405DB61E1F4ED1B20056750E /* Main.storyboard in Resources */ = {isa = PBXBuildFile; fileRef = 405DB61C1F4ED1B20056750E /* Main.storyboard */; };
		405DB6201F4ED1B20056750E /* Assets.xcassets in Resources */ = {isa = PBXBuildFile; fileRef = 405DB61F1F4ED1B20056750E /* Assets.xcassets */; };
		405DB6231F4ED1B20056750E /* LaunchScreen.storyboard in Resources */ = {isa = PBXBuildFile; fileRef = 405DB6211F4ED1B20056750E /* LaunchScreen.storyboard */; };
		405DB62E1F4ED1B20056750E /* RACDemoUITests.m in Sources */ = {isa = PBXBuildFile; fileRef = 405DB62D1F4ED1B20056750E /* RACDemoUITests.m */; };
		405DB63A1F4FBAD40056750E /* Person.m in Sources */ = {isa = PBXBuildFile; fileRef = 405DB6391F4FBAD40056750E /* Person.m */; };
		C51228E82B890CAE2D4773F1 /* libPods-RACDemo.a in Frameworks */ = {isa = PBXBuildFile; fileRef = 698AAF05E8387C5476712395 /* libPods-RACDemo.a */; };
/* End PBXBuildFile section */

/* Begin PBXContainerItemProxy section */
		405DB62A1F4ED1B20056750E /* PBXContainerItemProxy */ = {
			isa = PBXContainerItemProxy;
			containerPortal = 405DB6081F4ED1B20056750E /* Project object */;
			proxyType = 1;
			remoteGlobalIDString = 405DB60F1F4ED1B20056750E;
			remoteInfo = RACDemo;
		};
/* End PBXContainerItemProxy section */

/* Begin PBXFileReference section */
		400E95CE1F53F8E60090A343 /* LoginViewController.h */ = {isa = PBXFileReference; fileEncoding = 4; lastKnownFileType = sourcecode.c.h; path = LoginViewController.h; sourceTree = "<group>"; };
		400E95CF1F53F8E60090A343 /* LoginViewController.m */ = {isa = PBXFileReference; fileEncoding = 4; lastKnownFileType = sourcecode.c.objc; path = LoginViewController.m; sourceTree = "<group>"; };
		400E95D11F54097F0090A343 /* loginViewModel.h */ = {isa = PBXFileReference; fileEncoding = 4; lastKnownFileType = sourcecode.c.h; path = loginViewModel.h; sourceTree = "<group>"; };
		400E95D21F54097F0090A343 /* loginViewModel.m */ = {isa = PBXFileReference; fileEncoding = 4; lastKnownFileType = sourcecode.c.objc; path = loginViewModel.m; sourceTree = "<group>"; };
		405DB6101F4ED1B20056750E /* RACDemo.app */ = {isa = PBXFileReference; explicitFileType = wrapper.application; includeInIndex = 0; path = RACDemo.app; sourceTree = BUILT_PRODUCTS_DIR; };
		405DB6141F4ED1B20056750E /* main.m */ = {isa = PBXFileReference; lastKnownFileType = sourcecode.c.objc; path = main.m; sourceTree = "<group>"; };
		405DB6161F4ED1B20056750E /* AppDelegate.h */ = {isa = PBXFileReference; lastKnownFileType = sourcecode.c.h; path = AppDelegate.h; sourceTree = "<group>"; };
		405DB6171F4ED1B20056750E /* AppDelegate.m */ = {isa = PBXFileReference; lastKnownFileType = sourcecode.c.objc; path = AppDelegate.m; sourceTree = "<group>"; };
		405DB6191F4ED1B20056750E /* ViewController.h */ = {isa = PBXFileReference; lastKnownFileType = sourcecode.c.h; path = ViewController.h; sourceTree = "<group>"; };
		405DB61A1F4ED1B20056750E /* ViewController.m */ = {isa = PBXFileReference; lastKnownFileType = sourcecode.c.objc; path = ViewController.m; sourceTree = "<group>"; };
		405DB61D1F4ED1B20056750E /* Base */ = {isa = PBXFileReference; lastKnownFileType = file.storyboard; name = Base; path = Base.lproj/Main.storyboard; sourceTree = "<group>"; };
		405DB61F1F4ED1B20056750E /* Assets.xcassets */ = {isa = PBXFileReference; lastKnownFileType = folder.assetcatalog; path = Assets.xcassets; sourceTree = "<group>"; };
		405DB6221F4ED1B20056750E /* Base */ = {isa = PBXFileReference; lastKnownFileType = file.storyboard; name = Base; path = Base.lproj/LaunchScreen.storyboard; sourceTree = "<group>"; };
		405DB6241F4ED1B20056750E /* Info.plist */ = {isa = PBXFileReference; lastKnownFileType = text.plist.xml; path = Info.plist; sourceTree = "<group>"; };
		405DB6291F4ED1B20056750E /* RACDemoUITests.xctest */ = {isa = PBXFileReference; explicitFileType = wrapper.cfbundle; includeInIndex = 0; path = RACDemoUITests.xctest; sourceTree = BUILT_PRODUCTS_DIR; };
		405DB62D1F4ED1B20056750E /* RACDemoUITests.m */ = {isa = PBXFileReference; lastKnownFileType = sourcecode.c.objc; path = RACDemoUITests.m; sourceTree = "<group>"; };
		405DB62F1F4ED1B20056750E /* Info.plist */ = {isa = PBXFileReference; lastKnownFileType = text.plist.xml; path = Info.plist; sourceTree = "<group>"; };
		405DB6381F4FBAD40056750E /* Person.h */ = {isa = PBXFileReference; fileEncoding = 4; lastKnownFileType = sourcecode.c.h; path = Person.h; sourceTree = "<group>"; };
		405DB6391F4FBAD40056750E /* Person.m */ = {isa = PBXFileReference; fileEncoding = 4; lastKnownFileType = sourcecode.c.objc; path = Person.m; sourceTree = "<group>"; };
		698AAF05E8387C5476712395 /* libPods-RACDemo.a */ = {isa = PBXFileReference; explicitFileType = archive.ar; includeInIndex = 0; path = "libPods-RACDemo.a"; sourceTree = BUILT_PRODUCTS_DIR; };
		6B606768529CA449FA4BFB01 /* Pods-RACDemo.debug.xcconfig */ = {isa = PBXFileReference; includeInIndex = 1; lastKnownFileType = text.xcconfig; name = "Pods-RACDemo.debug.xcconfig"; path = "Pods/Target Support Files/Pods-RACDemo/Pods-RACDemo.debug.xcconfig"; sourceTree = "<group>"; };
		820928B4E68EC0AB50FC3D91 /* Pods-RACDemo.release.xcconfig */ = {isa = PBXFileReference; includeInIndex = 1; lastKnownFileType = text.xcconfig; name = "Pods-RACDemo.release.xcconfig"; path = "Pods/Target Support Files/Pods-RACDemo/Pods-RACDemo.release.xcconfig"; sourceTree = "<group>"; };
/* End PBXFileReference section */

/* Begin PBXFrameworksBuildPhase section */
		405DB60D1F4ED1B20056750E /* Frameworks */ = {
			isa = PBXFrameworksBuildPhase;
			buildActionMask = 2147483647;
			files = (
				C51228E82B890CAE2D4773F1 /* libPods-RACDemo.a in Frameworks */,
			);
			runOnlyForDeploymentPostprocessing = 0;
		};
		405DB6261F4ED1B20056750E /* Frameworks */ = {
			isa = PBXFrameworksBuildPhase;
			buildActionMask = 2147483647;
			files = (
			);
			runOnlyForDeploymentPostprocessing = 0;
		};
/* End PBXFrameworksBuildPhase section */

/* Begin PBXGroup section */
		212A805FB6117C78507922FB /* Frameworks */ = {
			isa = PBXGroup;
			children = (
				698AAF05E8387C5476712395 /* libPods-RACDemo.a */,
			);
			name = Frameworks;
			sourceTree = "<group>";
		};
		405DB6071F4ED1B20056750E = {
			isa = PBXGroup;
			children = (
				405DB6121F4ED1B20056750E /* RACDemo */,
				405DB62C1F4ED1B20056750E /* RACDemoUITests */,
				405DB6111F4ED1B20056750E /* Products */,
				55088FD5D72F26F9045FD496 /* Pods */,
				212A805FB6117C78507922FB /* Frameworks */,
			);
			sourceTree = "<group>";
		};
		405DB6111F4ED1B20056750E /* Products */ = {
			isa = PBXGroup;
			children = (
				405DB6101F4ED1B20056750E /* RACDemo.app */,
				405DB6291F4ED1B20056750E /* RACDemoUITests.xctest */,
			);
			name = Products;
			sourceTree = "<group>";
		};
		405DB6121F4ED1B20056750E /* RACDemo */ = {
			isa = PBXGroup;
			children = (
				405DB6161F4ED1B20056750E /* AppDelegate.h */,
				405DB6171F4ED1B20056750E /* AppDelegate.m */,
				405DB6191F4ED1B20056750E /* ViewController.h */,
				405DB61A1F4ED1B20056750E /* ViewController.m */,
				405DB61C1F4ED1B20056750E /* Main.storyboard */,
				405DB61F1F4ED1B20056750E /* Assets.xcassets */,
				405DB6211F4ED1B20056750E /* LaunchScreen.storyboard */,
				405DB6241F4ED1B20056750E /* Info.plist */,
				405DB6131F4ED1B20056750E /* Supporting Files */,
				405DB6381F4FBAD40056750E /* Person.h */,
				405DB6391F4FBAD40056750E /* Person.m */,
				400E95CE1F53F8E60090A343 /* LoginViewController.h */,
				400E95CF1F53F8E60090A343 /* LoginViewController.m */,
				400E95D11F54097F0090A343 /* loginViewModel.h */,
				400E95D21F54097F0090A343 /* loginViewModel.m */,
			);
			path = RACDemo;
			sourceTree = "<group>";
		};
		405DB6131F4ED1B20056750E /* Supporting Files */ = {
			isa = PBXGroup;
			children = (
				405DB6141F4ED1B20056750E /* main.m */,
			);
			name = "Supporting Files";
			sourceTree = "<group>";
		};
		405DB62C1F4ED1B20056750E /* RACDemoUITests */ = {
			isa = PBXGroup;
			children = (
				405DB62D1F4ED1B20056750E /* RACDemoUITests.m */,
				405DB62F1F4ED1B20056750E /* Info.plist */,
			);
			path = RACDemoUITests;
			sourceTree = "<group>";
		};
		55088FD5D72F26F9045FD496 /* Pods */ = {
			isa = PBXGroup;
			children = (
				6B606768529CA449FA4BFB01 /* Pods-RACDemo.debug.xcconfig */,
				820928B4E68EC0AB50FC3D91 /* Pods-RACDemo.release.xcconfig */,
			);
			name = Pods;
			sourceTree = "<group>";
		};
/* End PBXGroup section */

/* Begin PBXNativeTarget section */
		405DB60F1F4ED1B20056750E /* RACDemo */ = {
			isa = PBXNativeTarget;
			buildConfigurationList = 405DB6321F4ED1B20056750E /* Build configuration list for PBXNativeTarget "RACDemo" */;
			buildPhases = (
				04EB2CE40B68D0ECC2D62BE9 /* [CP] Check Pods Manifest.lock */,
				405DB60C1F4ED1B20056750E /* Sources */,
				405DB60D1F4ED1B20056750E /* Frameworks */,
				405DB60E1F4ED1B20056750E /* Resources */,
				C10C33667E0857488E2EDC37 /* [CP] Embed Pods Frameworks */,
				18F8E09F00DC8043ACA4EAFE /* [CP] Copy Pods Resources */,
			);
			buildRules = (
			);
			dependencies = (
			);
			name = RACDemo;
			productName = RACDemo;
			productReference = 405DB6101F4ED1B20056750E /* RACDemo.app */;
			productType = "com.apple.product-type.application";
		};
		405DB6281F4ED1B20056750E /* RACDemoUITests */ = {
			isa = PBXNativeTarget;
			buildConfigurationList = 405DB6351F4ED1B20056750E /* Build configuration list for PBXNativeTarget "RACDemoUITests" */;
			buildPhases = (
				405DB6251F4ED1B20056750E /* Sources */,
				405DB6261F4ED1B20056750E /* Frameworks */,
				405DB6271F4ED1B20056750E /* Resources */,
			);
			buildRules = (
			);
			dependencies = (
				405DB62B1F4ED1B20056750E /* PBXTargetDependency */,
			);
			name = RACDemoUITests;
			productName = RACDemoUITests;
			productReference = 405DB6291F4ED1B20056750E /* RACDemoUITests.xctest */;
			productType = "com.apple.product-type.bundle.ui-testing";
		};
/* End PBXNativeTarget section */

/* Begin PBXProject section */
		405DB6081F4ED1B20056750E /* Project object */ = {
			isa = PBXProject;
			attributes = {
				LastUpgradeCheck = 0830;
				ORGANIZATIONNAME = Mrlee;
				TargetAttributes = {
					405DB60F1F4ED1B20056750E = {
						CreatedOnToolsVersion = 8.3.3;
						ProvisioningStyle = Automatic;
					};
					405DB6281F4ED1B20056750E = {
						CreatedOnToolsVersion = 8.3.3;
						ProvisioningStyle = Automatic;
						TestTargetID = 405DB60F1F4ED1B20056750E;
					};
				};
			};
			buildConfigurationList = 405DB60B1F4ED1B20056750E /* Build configuration list for PBXProject "RACDemo" */;
			compatibilityVersion = "Xcode 3.2";
			developmentRegion = English;
			hasScannedForEncodings = 0;
			knownRegions = (
				en,
				Base,
			);
			mainGroup = 405DB6071F4ED1B20056750E;
			productRefGroup = 405DB6111F4ED1B20056750E /* Products */;
			projectDirPath = "";
			projectRoot = "";
			targets = (
				405DB60F1F4ED1B20056750E /* RACDemo */,
				405DB6281F4ED1B20056750E /* RACDemoUITests */,
			);
		};
/* End PBXProject section */

/* Begin PBXResourcesBuildPhase section */
		405DB60E1F4ED1B20056750E /* Resources */ = {
			isa = PBXResourcesBuildPhase;
			buildActionMask = 2147483647;
			files = (
				405DB6231F4ED1B20056750E /* LaunchScreen.storyboard in Resources */,
				405DB6201F4ED1B20056750E /* Assets.xcassets in Resources */,
				405DB61E1F4ED1B20056750E /* Main.storyboard in Resources */,
			);
			runOnlyForDeploymentPostprocessing = 0;
		};
		405DB6271F4ED1B20056750E /* Resources */ = {
			isa = PBXResourcesBuildPhase;
			buildActionMask = 2147483647;
			files = (
			);
			runOnlyForDeploymentPostprocessing = 0;
		};
/* End PBXResourcesBuildPhase section */

/* Begin PBXShellScriptBuildPhase section */
		04EB2CE40B68D0ECC2D62BE9 /* [CP] Check Pods Manifest.lock */ = {
			isa = PBXShellScriptBuildPhase;
			buildActionMask = 2147483647;
			files = (
			);
			inputPaths = (
				"${PODS_PODFILE_DIR_PATH}/Podfile.lock",
				"${PODS_ROOT}/Manifest.lock",
			);
			name = "[CP] Check Pods Manifest.lock";
			outputPaths = (
				"$(DERIVED_FILE_DIR)/Pods-RACDemo-checkManifestLockResult.txt",
			);
			runOnlyForDeploymentPostprocessing = 0;
			shellPath = /bin/sh;
			shellScript = "diff \"${PODS_PODFILE_DIR_PATH}/Podfile.lock\" \"${PODS_ROOT}/Manifest.lock\" > /dev/null\nif [ $? != 0 ] ; then\n    # print error to STDERR\n    echo \"error: The sandbox is not in sync with the Podfile.lock. Run 'pod install' or update your CocoaPods installation.\" >&2\n    exit 1\nfi\n# This output is used by Xcode 'outputs' to avoid re-running this script phase.\necho \"SUCCESS\" > \"${SCRIPT_OUTPUT_FILE_0}\"\n";
			showEnvVarsInLog = 0;
		};
		18F8E09F00DC8043ACA4EAFE /* [CP] Copy Pods Resources */ = {
			isa = PBXShellScriptBuildPhase;
			buildActionMask = 2147483647;
			files = (
			);
			inputPaths = (
			);
			name = "[CP] Copy Pods Resources";
			outputPaths = (
			);
			runOnlyForDeploymentPostprocessing = 0;
			shellPath = /bin/sh;
			shellScript = "\"${SRCROOT}/Pods/Target Support Files/Pods-RACDemo/Pods-RACDemo-resources.sh\"\n";
			showEnvVarsInLog = 0;
		};
		C10C33667E0857488E2EDC37 /* [CP] Embed Pods Frameworks */ = {
			isa = PBXShellScriptBuildPhase;
			buildActionMask = 2147483647;
			files = (
			);
			inputPaths = (
			);
			name = "[CP] Embed Pods Frameworks";
			outputPaths = (
			);
			runOnlyForDeploymentPostprocessing = 0;
			shellPath = /bin/sh;
			shellScript = "\"${SRCROOT}/Pods/Target Support Files/Pods-RACDemo/Pods-RACDemo-frameworks.sh\"\n";
			showEnvVarsInLog = 0;
		};
/* End PBXShellScriptBuildPhase section */

/* Begin PBXSourcesBuildPhase section */
		405DB60C1F4ED1B20056750E /* Sources */ = {
			isa = PBXSourcesBuildPhase;
			buildActionMask = 2147483647;
			files = (
				400E95D31F54097F0090A343 /* loginViewModel.m in Sources */,
				405DB61B1F4ED1B20056750E /* ViewController.m in Sources */,
				405DB6181F4ED1B20056750E /* AppDelegate.m in Sources */,
				405DB63A1F4FBAD40056750E /* Person.m in Sources */,
				405DB6151F4ED1B20056750E /* main.m in Sources */,
				400E95D01F53F8E60090A343 /* LoginViewController.m in Sources */,
			);
			runOnlyForDeploymentPostprocessing = 0;
		};
		405DB6251F4ED1B20056750E /* Sources */ = {
			isa = PBXSourcesBuildPhase;
			buildActionMask = 2147483647;
			files = (
				405DB62E1F4ED1B20056750E /* RACDemoUITests.m in Sources */,
			);
			runOnlyForDeploymentPostprocessing = 0;
		};
/* End PBXSourcesBuildPhase section */

/* Begin PBXTargetDependency section */
		405DB62B1F4ED1B20056750E /* PBXTargetDependency */ = {
			isa = PBXTargetDependency;
			target = 405DB60F1F4ED1B20056750E /* RACDemo */;
			targetProxy = 405DB62A1F4ED1B20056750E /* PBXContainerItemProxy */;
		};
/* End PBXTargetDependency section */

/* Begin PBXVariantGroup section */
		405DB61C1F4ED1B20056750E /* Main.storyboard */ = {
			isa = PBXVariantGroup;
			children = (
				405DB61D1F4ED1B20056750E /* Base */,
			);
			name = Main.storyboard;
			sourceTree = "<group>";
		};
		405DB6211F4ED1B20056750E /* LaunchScreen.storyboard */ = {
			isa = PBXVariantGroup;
			children = (
				405DB6221F4ED1B20056750E /* Base */,
			);
			name = LaunchScreen.storyboard;
			sourceTree = "<group>";
		};
/* End PBXVariantGroup section */

/* Begin XCBuildConfiguration section */
		405DB6301F4ED1B20056750E /* Debug */ = {
			isa = XCBuildConfiguration;
			buildSettings = {
				ALWAYS_SEARCH_USER_PATHS = NO;
				CLANG_ANALYZER_NONNULL = YES;
				CLANG_ANALYZER_NUMBER_OBJECT_CONVERSION = YES_AGGRESSIVE;
				CLANG_CXX_LANGUAGE_STANDARD = "gnu++0x";
				CLANG_CXX_LIBRARY = "libc++";
				CLANG_ENABLE_MODULES = YES;
				CLANG_ENABLE_OBJC_ARC = YES;
				CLANG_WARN_BOOL_CONVERSION = YES;
				CLANG_WARN_CONSTANT_CONVERSION = YES;
				CLANG_WARN_DIRECT_OBJC_ISA_USAGE = YES_ERROR;
				CLANG_WARN_DOCUMENTATION_COMMENTS = YES;
				CLANG_WARN_EMPTY_BODY = YES;
				CLANG_WARN_ENUM_CONVERSION = YES;
				CLANG_WARN_INFINITE_RECURSION = YES;
				CLANG_WARN_INT_CONVERSION = YES;
				CLANG_WARN_OBJC_ROOT_CLASS = YES_ERROR;
				CLANG_WARN_SUSPICIOUS_MOVE = YES;
				CLANG_WARN_UNREACHABLE_CODE = YES;
				CLANG_WARN__DUPLICATE_METHOD_MATCH = YES;
				"CODE_SIGN_IDENTITY[sdk=iphoneos*]" = "iPhone Developer";
				COPY_PHASE_STRIP = NO;
				DEBUG_INFORMATION_FORMAT = dwarf;
				ENABLE_STRICT_OBJC_MSGSEND = YES;
				ENABLE_TESTABILITY = YES;
				GCC_C_LANGUAGE_STANDARD = gnu99;
				GCC_DYNAMIC_NO_PIC = NO;
				GCC_NO_COMMON_BLOCKS = YES;
				GCC_OPTIMIZATION_LEVEL = 0;
				GCC_PREPROCESSOR_DEFINITIONS = (
					"DEBUG=1",
					"$(inherited)",
				);
				GCC_WARN_64_TO_32_BIT_CONVERSION = YES;
				GCC_WARN_ABOUT_RETURN_TYPE = YES_ERROR;
				GCC_WARN_UNDECLARED_SELECTOR = YES;
				GCC_WARN_UNINITIALIZED_AUTOS = YES_AGGRESSIVE;
				GCC_WARN_UNUSED_FUNCTION = YES;
				GCC_WARN_UNUSED_VARIABLE = YES;
				IPHONEOS_DEPLOYMENT_TARGET = 10.3;
				MTL_ENABLE_DEBUG_INFO = YES;
				ONLY_ACTIVE_ARCH = YES;
				SDKROOT = iphoneos;
				TARGETED_DEVICE_FAMILY = "1,2";
			};
			name = Debug;
		};
		405DB6311F4ED1B20056750E /* Release */ = {
			isa = XCBuildConfiguration;
			buildSettings = {
				ALWAYS_SEARCH_USER_PATHS = NO;
				CLANG_ANALYZER_NONNULL = YES;
				CLANG_ANALYZER_NUMBER_OBJECT_CONVERSION = YES_AGGRESSIVE;
				CLANG_CXX_LANGUAGE_STANDARD = "gnu++0x";
				CLANG_CXX_LIBRARY = "libc++";
				CLANG_ENABLE_MODULES = YES;
				CLANG_ENABLE_OBJC_ARC = YES;
				CLANG_WARN_BOOL_CONVERSION = YES;
				CLANG_WARN_CONSTANT_CONVERSION = YES;
				CLANG_WARN_DIRECT_OBJC_ISA_USAGE = YES_ERROR;
				CLANG_WARN_DOCUMENTATION_COMMENTS = YES;
				CLANG_WARN_EMPTY_BODY = YES;
				CLANG_WARN_ENUM_CONVERSION = YES;
				CLANG_WARN_INFINITE_RECURSION = YES;
				CLANG_WARN_INT_CONVERSION = YES;
				CLANG_WARN_OBJC_ROOT_CLASS = YES_ERROR;
				CLANG_WARN_SUSPICIOUS_MOVE = YES;
				CLANG_WARN_UNREACHABLE_CODE = YES;
				CLANG_WARN__DUPLICATE_METHOD_MATCH = YES;
				"CODE_SIGN_IDENTITY[sdk=iphoneos*]" = "iPhone Developer";
				COPY_PHASE_STRIP = NO;
				DEBUG_INFORMATION_FORMAT = "dwarf-with-dsym";
				ENABLE_NS_ASSERTIONS = NO;
				ENABLE_STRICT_OBJC_MSGSEND = YES;
				GCC_C_LANGUAGE_STANDARD = gnu99;
				GCC_NO_COMMON_BLOCKS = YES;
				GCC_WARN_64_TO_32_BIT_CONVERSION = YES;
				GCC_WARN_ABOUT_RETURN_TYPE = YES_ERROR;
				GCC_WARN_UNDECLARED_SELECTOR = YES;
				GCC_WARN_UNINITIALIZED_AUTOS = YES_AGGRESSIVE;
				GCC_WARN_UNUSED_FUNCTION = YES;
				GCC_WARN_UNUSED_VARIABLE = YES;
				IPHONEOS_DEPLOYMENT_TARGET = 10.3;
				MTL_ENABLE_DEBUG_INFO = NO;
				SDKROOT = iphoneos;
				TARGETED_DEVICE_FAMILY = "1,2";
				VALIDATE_PRODUCT = YES;
			};
			name = Release;
		};
		405DB6331F4ED1B20056750E /* Debug */ = {
			isa = XCBuildConfiguration;
			baseConfigurationReference = 6B606768529CA449FA4BFB01 /* Pods-RACDemo.debug.xcconfig */;
			buildSettings = {
				ASSETCATALOG_COMPILER_APPICON_NAME = AppIcon;
				INFOPLIST_FILE = RACDemo/Info.plist;
				LD_RUNPATH_SEARCH_PATHS = "$(inherited) @executable_path/Frameworks";
				PRODUCT_BUNDLE_IDENTIFIER = Mrlee.RACDemo;
				PRODUCT_NAME = "$(TARGET_NAME)";
			};
			name = Debug;
		};
		405DB6341F4ED1B20056750E /* Release */ = {
			isa = XCBuildConfiguration;
			baseConfigurationReference = 820928B4E68EC0AB50FC3D91 /* Pods-RACDemo.release.xcconfig */;
			buildSettings = {
				ASSETCATALOG_COMPILER_APPICON_NAME = AppIcon;
				INFOPLIST_FILE = RACDemo/Info.plist;
				LD_RUNPATH_SEARCH_PATHS = "$(inherited) @executable_path/Frameworks";
				PRODUCT_BUNDLE_IDENTIFIER = Mrlee.RACDemo;
				PRODUCT_NAME = "$(TARGET_NAME)";
			};
			name = Release;
		};
		405DB6361F4ED1B20056750E /* Debug */ = {
			isa = XCBuildConfiguration;
			buildSettings = {
				INFOPLIST_FILE = RACDemoUITests/Info.plist;
				LD_RUNPATH_SEARCH_PATHS = "$(inherited) @executable_path/Frameworks @loader_path/Frameworks";
				PRODUCT_BUNDLE_IDENTIFIER = Mrlee.RACDemoUITests;
				PRODUCT_NAME = "$(TARGET_NAME)";
				TEST_TARGET_NAME = RACDemo;
			};
			name = Debug;
		};
		405DB6371F4ED1B20056750E /* Release */ = {
			isa = XCBuildConfiguration;
			buildSettings = {
				INFOPLIST_FILE = RACDemoUITests/Info.plist;
				LD_RUNPATH_SEARCH_PATHS = "$(inherited) @executable_path/Frameworks @loader_path/Frameworks";
				PRODUCT_BUNDLE_IDENTIFIER = Mrlee.RACDemoUITests;
				PRODUCT_NAME = "$(TARGET_NAME)";
				TEST_TARGET_NAME = RACDemo;
			};
			name = Release;
		};
/* End XCBuildConfiguration section */

/* Begin XCConfigurationList section */
		405DB60B1F4ED1B20056750E /* Build configuration list for PBXProject "RACDemo" */ = {
			isa = XCConfigurationList;
			buildConfigurations = (
				405DB6301F4ED1B20056750E /* Debug */,
				405DB6311F4ED1B20056750E /* Release */,
			);
			defaultConfigurationIsVisible = 0;
			defaultConfigurationName = Release;
		};
		405DB6321F4ED1B20056750E /* Build configuration list for PBXNativeTarget "RACDemo" */ = {
			isa = XCConfigurationList;
			buildConfigurations = (
				405DB6331F4ED1B20056750E /* Debug */,
				405DB6341F4ED1B20056750E /* Release */,
			);
			defaultConfigurationIsVisible = 0;
			defaultConfigurationName = Release;
		};
		405DB6351F4ED1B20056750E /* Build configuration list for PBXNativeTarget "RACDemoUITests" */ = {
			isa = XCConfigurationList;
			buildConfigurations = (
				405DB6361F4ED1B20056750E /* Debug */,
				405DB6371F4ED1B20056750E /* Release */,
			);
			defaultConfigurationIsVisible = 0;
			defaultConfigurationName = Release;
		};
/* End XCConfigurationList section */
	};
	rootObject = 405DB6081F4ED1B20056750E /* Project object */;
}
